
Microsoft Visual Studio Solution File, Format Version 12.00
# Visual Studio Version 17
VisualStudioVersion = 17.0.31903.59
MinimumVisualStudioVersion = 10.0.40219.1
Project("{2150E333-8FDC-42A3-9474-1A3956D46DE8}") = "src", "src", "{4E71226A-FC4D-4122-A2E6-7373C1B8987F}"
EndProject
Project("{2150E333-8FDC-42A3-9474-1A3956D46DE8}") = "core", "core", "{FA2174F8-CE15-4CEA-824F-578C642E92DB}"
EndProject
Project("{FAE04EC0-301F-11D3-BF4B-00C04F79EFBC}") = "PrintFlow.Domain", "src\core\PrintFlow.Domain\PrintFlow.Domain.csproj", "{2058613F-64CF-4382-84B6-E04973DE79D6}"
EndProject
Project("{FAE04EC0-301F-11D3-BF4B-00C04F79EFBC}") = "PrintFlow.Application", "src\core\PrintFlow.Application\PrintFlow.Application.csproj", "{175F740F-D31D-4952-8CF4-60427C520A53}"
EndProject
Project("{2150E333-8FDC-42A3-9474-1A3956D46DE8}") = "infrastructure", "infrastructure", "{9C6B7F32-5DC5-457F-A4B7-D341C0A3C65D}"
EndProject
Project("{FAE04EC0-301F-11D3-BF4B-00C04F79EFBC}") = "PrintFlow.Infrastructure", "src\infrastructure\PrintFlow.Infrastructure\PrintFlow.Infrastructure.csproj", "{5E572940-120C-4B3F-AAF9-63CB7A66C82C}"
EndProject
Project("{FAE04EC0-301F-11D3-BF4B-00C04F79EFBC}") = "PrintFlow.Persistence", "src\infrastructure\PrintFlow.Persistence\PrintFlow.Persistence.csproj", "{217932CD-92F8-479D-B41A-9C82A3796ED8}"
EndProject
Project("{2150E333-8FDC-42A3-9474-1A3956D46DE8}") = "presentation", "presentation", "{0F14F86B-45A3-4C06-A6BF-D1E547052714}"
EndProject
Project("{FAE04EC0-301F-11D3-BF4B-00C04F79EFBC}") = "PrintFlow.API", "src\presentation\PrintFlow.API\PrintFlow.API.csproj", "{9CFD598D-B0A4-4BFE-9170-08CE023F1D30}"
EndProject
Project("{2150E333-8FDC-42A3-9474-1A3956D46DE8}") = "Tests", "Tests", "{6988C6E6-14FE-4870-A3DF-B74D6E2F8667}"
EndProject
Project("{FAE04EC0-301F-11D3-BF4B-00C04F79EFBC}") = "PrintFlow.UnitTests", "Tests\PrintFlow.UnitTests\PrintFlow.UnitTests.csproj", "{92541AD8-C36D-4226-A0DE-E5C54A628E01}"
EndProject
Project("{2150E333-8FDC-42A3-9474-1A3956D46DE8}") = "Worker", "Worker", "{3B4A3E57-2D98-497D-A01A-75305A3A0796}"
EndProject
Project("{FAE04EC0-301F-11D3-BF4B-00C04F79EFBC}") = "PrintFlow.Worker", "Worker\PrintFlow.Worker\PrintFlow.Worker.csproj", "{EEBF6DA5-ECA1-4E9E-83B0-CCB3E3B4D82B}"
EndProject
Project("{2150E333-8FDC-42A3-9474-1A3956D46DE8}") = "Solution Items", "Solution Items", "{8EC462FD-D22E-90A8-E5CE-7E832BA40C5D}"
	ProjectSection(SolutionItems) = preProject
		.dockerignore = .dockerignore
		docker-compose.yml = docker-compose.yml
		Dockerfile = Dockerfile
		Dockerfile.worker = Dockerfile.worker
		README.md = README.md
	EndProjectSection
EndProject
Global
	GlobalSection(SolutionConfigurationPlatforms) = preSolution
		Debug|Any CPU = Debug|Any CPU
		Release|Any CPU = Release|Any CPU
	EndGlobalSection
	GlobalSection(ProjectConfigurationPlatforms) = postSolution
		{2058613F-64CF-4382-84B6-E04973DE79D6}.Debug|Any CPU.ActiveCfg = Debug|Any CPU
		{2058613F-64CF-4382-84B6-E04973DE79D6}.Debug|Any CPU.Build.0 = Debug|Any CPU
		{2058613F-64CF-4382-84B6-E04973DE79D6}.Release|Any CPU.ActiveCfg = Release|Any CPU
		{2058613F-64CF-4382-84B6-E04973DE79D6}.Release|Any CPU.Build.0 = Release|Any CPU
		{175F740F-D31D-4952-8CF4-60427C520A53}.Debug|Any CPU.ActiveCfg = Debug|Any CPU
		{175F740F-D31D-4952-8CF4-60427C520A53}.Debug|Any CPU.Build.0 = Debug|Any CPU
		{175F740F-D31D-4952-8CF4-60427C520A53}.Release|Any CPU.ActiveCfg = Release|Any CPU
		{175F740F-D31D-4952-8CF4-60427C520A53}.Release|Any CPU.Build.0 = Release|Any CPU
		{5E572940-120C-4B3F-AAF9-63CB7A66C82C}.Debug|Any CPU.ActiveCfg = Debug|Any CPU
		{5E572940-120C-4B3F-AAF9-63CB7A66C82C}.Debug|Any CPU.Build.0 = Debug|Any CPU
		{5E572940-120C-4B3F-AAF9-63CB7A66C82C}.Release|Any CPU.ActiveCfg = Release|Any CPU
		{5E572940-120C-4B3F-AAF9-63CB7A66C82C}.Release|Any CPU.Build.0 = Release|Any CPU
		{217932CD-92F8-479D-B41A-9C82A3796ED8}.Debug|Any CPU.ActiveCfg = Debug|Any CPU
		{217932CD-92F8-479D-B41A-9C82A3796ED8}.Debug|Any CPU.Build.0 = Debug|Any CPU
		{217932CD-92F8-479D-B41A-9C82A3796ED8}.Release|Any CPU.ActiveCfg = Release|Any CPU
		{217932CD-92F8-479D-B41A-9C82A3796ED8}.Release|Any CPU.Build.0 = Release|Any CPU
		{9CFD598D-B0A4-4BFE-9170-08CE023F1D30}.Debug|Any CPU.ActiveCfg = Debug|Any CPU
		{9CFD598D-B0A4-4BFE-9170-08CE023F1D30}.Debug|Any CPU.Build.0 = Debug|Any CPU
		{9CFD598D-B0A4-4BFE-9170-08CE023F1D30}.Release|Any CPU.ActiveCfg = Release|Any CPU
		{9CFD598D-B0A4-4BFE-9170-08CE023F1D30}.Release|Any CPU.Build.0 = Release|Any CPU
		{92541AD8-C36D-4226-A0DE-E5C54A628E01}.Debug|Any CPU.ActiveCfg = Debug|Any CPU
		{92541AD8-C36D-4226-A0DE-E5C54A628E01}.Debug|Any CPU.Build.0 = Debug|Any CPU
		{92541AD8-C36D-4226-A0DE-E5C54A628E01}.Release|Any CPU.ActiveCfg = Release|Any CPU
		{92541AD8-C36D-4226-A0DE-E5C54A628E01}.Release|Any CPU.Build.0 = Release|Any CPU
		{EEBF6DA5-ECA1-4E9E-83B0-CCB3E3B4D82B}.Debug|Any CPU.ActiveCfg = Debug|Any CPU
		{EEBF6DA5-ECA1-4E9E-83B0-CCB3E3B4D82B}.Debug|Any CPU.Build.0 = Debug|Any CPU
		{EEBF6DA5-ECA1-4E9E-83B0-CCB3E3B4D82B}.Release|Any CPU.ActiveCfg = Release|Any CPU
		{EEBF6DA5-ECA1-4E9E-83B0-CCB3E3B4D82B}.Release|Any CPU.Build.0 = Release|Any CPU
	EndGlobalSection
	GlobalSection(SolutionProperties) = preSolution
		HideSolutionNode = FALSE
	EndGlobalSection
	GlobalSection(NestedProjects) = preSolution
		{FA2174F8-CE15-4CEA-824F-578C642E92DB} = {4E71226A-FC4D-4122-A2E6-7373C1B8987F}
		{2058613F-64CF-4382-84B6-E04973DE79D6} = {FA2174F8-CE15-4CEA-824F-578C642E92DB}
		{175F740F-D31D-4952-8CF4-60427C520A53} = {FA2174F8-CE15-4CEA-824F-578C642E92DB}
		{9C6B7F32-5DC5-457F-A4B7-D341C0A3C65D} = {4E71226A-FC4D-4122-A2E6-7373C1B8987F}
		{5E572940-120C-4B3F-AAF9-63CB7A66C82C} = {9C6B7F32-5DC5-457F-A4B7-D341C0A3C65D}
		{217932CD-92F8-479D-B41A-9C82A3796ED8} = {9C6B7F32-5DC5-457F-A4B7-D341C0A3C65D}
		{0F14F86B-45A3-4C06-A6BF-D1E547052714} = {4E71226A-FC4D-4122-A2E6-7373C1B8987F}
		{9CFD598D-B0A4-4BFE-9170-08CE023F1D30} = {0F14F86B-45A3-4C06-A6BF-D1E547052714}
		{92541AD8-C36D-4226-A0DE-E5C54A628E01} = {6988C6E6-14FE-4870-A3DF-B74D6E2F8667}
		{EEBF6DA5-ECA1-4E9E-83B0-CCB3E3B4D82B} = {3B4A3E57-2D98-497D-A01A-75305A3A0796}
	EndGlobalSection
	GlobalSection(ExtensibilityGlobals) = postSolution
		SolutionGuid = {34702C3E-B1A9-4CCE-B9B3-5416C087DC72}
	EndGlobalSection
EndGlobal
